
Microsoft Visual Studio Solution File, Format Version 12.00
# Visual Studio Version 17
VisualStudioVersion = 17.9.34728.123
MinimumVisualStudioVersion = 10.0.40219.1
Project("{FAE04EC0-301F-11D3-BF4B-00C04F79EFBC}") = "ApiAthanasia", "ApiAthanasia\ApiAthanasia.csproj", "{ABB3F5F7-A406-46B0-9887-863F54799688}"
EndProject
Global
	GlobalSection(SolutionConfigurationPlatforms) = preSolution
		Debug|Any CPU = Debug|Any CPU
		Release|Any CPU = Release|Any CPU
	EndGlobalSection
	GlobalSection(ProjectConfigurationPlatforms) = postSolution
		{ABB3F5F7-A406-46B0-9887-863F54799688}.Debug|Any CPU.ActiveCfg = Debug|Any CPU
		{ABB3F5F7-A406-46B0-9887-863F54799688}.Debug|Any CPU.Build.0 = Debug|Any CPU
		{ABB3F5F7-A406-46B0-9887-863F54799688}.Release|Any CPU.ActiveCfg = Release|Any CPU
		{ABB3F5F7-A406-46B0-9887-863F54799688}.Release|Any CPU.Build.0 = Release|Any CPU
	EndGlobalSection
	GlobalSection(SolutionProperties) = preSolution
		HideSolutionNode = FALSE
	EndGlobalSection
	GlobalSection(ExtensibilityGlobals) = postSolution
		SolutionGuid = {8BD5BCA1-0C4C-480A-BB4B-91DA3F7E2DA1}
	EndGlobalSection
EndGlobal
